{
    "version": 3,
    "terraform_version": "0.11.7",
    "serial": 16,
    "lineage": "5581cce9-513e-8110-9a3a-c2bb7964a9b4",
    "modules": [
        {
            "path": [
                "root"
            ],
            "outputs": {},
            "resources": {
                "aws_eip.eip": {
                    "type": "aws_eip",
                    "depends_on": [],
                    "primary": {
                        "id": "eipalloc-35c5b808",
                        "attributes": {
                            "association_id": "eipassoc-88b31d45",
                            "domain": "vpc",
                            "id": "eipalloc-35c5b808",
                            "instance": "",
                            "network_interface": "eni-568d3663",
                            "private_ip": "172.21.1.14",
                            "public_ip": "34.248.14.218",
                            "tags.%": "0",
                            "vpc": "true"
                        },
                        "meta": {
                            "e2bfb730-ecaa-11e6-8f88-34363bc7c4c0": {
                                "delete": 180000000000,
                                "read": 900000000000,
                                "update": 300000000000
                            }
                        },
                        "tainted": false
                    },
                    "deposed": [],
                    "provider": "provider.aws"
                },
                "aws_eip.jumphost": {
                    "type": "aws_eip",
                    "depends_on": [
                        "aws_instance.jumphost"
                    ],
                    "primary": {
                        "id": "eipalloc-2bcab716",
                        "attributes": {
                            "association_id": "eipassoc-d8b31d15",
                            "domain": "vpc",
                            "id": "eipalloc-2bcab716",
                            "instance": "i-0189acc370f23d4b2",
                            "network_interface": "eni-a865de9d",
                            "private_ip": "172.21.1.6",
                            "public_ip": "34.246.240.250",
                            "tags.%": "0",
                            "vpc": "true"
                        },
                        "meta": {
                            "e2bfb730-ecaa-11e6-8f88-34363bc7c4c0": {
                                "delete": 180000000000,
                                "read": 900000000000,
                                "update": 300000000000
                            }
                        },
                        "tainted": false
                    },
                    "deposed": [],
                    "provider": "provider.aws"
                },
                "aws_instance.jumpee": {
                    "type": "aws_instance",
                    "depends_on": [
                        "aws_security_group.allow_public",
                        "aws_subnet.private"
                    ],
                    "primary": {
                        "id": "i-0229885d261fb0e48",
                        "attributes": {
                            "ami": "ami-9cbe9be5",
                            "associate_public_ip_address": "false",
                            "availability_zone": "eu-west-1b",
                            "credit_specification.#": "1",
                            "credit_specification.0.cpu_credits": "standard",
                            "disable_api_termination": "false",
                            "ebs_block_device.#": "0",
                            "ebs_optimized": "false",
                            "ephemeral_block_device.#": "0",
                            "get_password_data": "false",
                            "iam_instance_profile": "",
                            "id": "i-0229885d261fb0e48",
                            "instance_state": "running",
                            "instance_type": "t2.micro",
                            "ipv6_addresses.#": "0",
                            "key_name": "TrainingKPIreland",
                            "monitoring": "false",
                            "network_interface.#": "0",
                            "network_interface_id": "eni-fd0e38f9",
                            "password_data": "",
                            "placement_group": "",
                            "primary_network_interface_id": "eni-fd0e38f9",
                            "private_dns": "ip-172-21-1-24.eu-west-1.compute.internal",
                            "private_ip": "172.21.1.24",
                            "public_dns": "",
                            "public_ip": "",
                            "root_block_device.#": "1",
                            "root_block_device.0.delete_on_termination": "true",
                            "root_block_device.0.iops": "100",
                            "root_block_device.0.volume_id": "vol-0c1c4b8b3576fd9d8",
                            "root_block_device.0.volume_size": "8",
                            "root_block_device.0.volume_type": "gp2",
                            "security_groups.#": "0",
                            "source_dest_check": "true",
                            "subnet_id": "subnet-ec33d9b6",
                            "tags.%": "0",
                            "tenancy": "default",
                            "volume_tags.%": "0",
                            "vpc_security_group_ids.#": "1",
                            "vpc_security_group_ids.2293845558": "sg-d58f35a8"
                        },
                        "meta": {
                            "e2bfb730-ecaa-11e6-8f88-34363bc7c4c0": {
                                "create": 600000000000,
                                "delete": 1200000000000,
                                "update": 600000000000
                            },
                            "schema_version": "1"
                        },
                        "tainted": false
                    },
                    "deposed": [],
                    "provider": "provider.aws"
                },
                "aws_instance.jumphost": {
                    "type": "aws_instance",
                    "depends_on": [
                        "aws_security_group.allow_all",
                        "aws_subnet.public"
                    ],
                    "primary": {
                        "id": "i-0189acc370f23d4b2",
                        "attributes": {
                            "ami": "ami-9cbe9be5",
                            "associate_public_ip_address": "true",
                            "availability_zone": "eu-west-1a",
                            "credit_specification.#": "1",
                            "credit_specification.0.cpu_credits": "standard",
                            "disable_api_termination": "false",
                            "ebs_block_device.#": "0",
                            "ebs_optimized": "false",
                            "ephemeral_block_device.#": "0",
                            "get_password_data": "false",
                            "iam_instance_profile": "",
                            "id": "i-0189acc370f23d4b2",
                            "instance_state": "running",
                            "instance_type": "t2.micro",
                            "ipv6_addresses.#": "0",
                            "key_name": "TrainingKPIreland",
                            "monitoring": "false",
                            "network_interface.#": "0",
                            "network_interface_id": "eni-a865de9d",
                            "password_data": "",
                            "placement_group": "",
                            "primary_network_interface_id": "eni-a865de9d",
                            "private_dns": "ip-172-21-1-6.eu-west-1.compute.internal",
                            "private_ip": "172.21.1.6",
                            "public_dns": "",
                            "public_ip": "34.246.240.250",
                            "root_block_device.#": "1",
                            "root_block_device.0.delete_on_termination": "true",
                            "root_block_device.0.iops": "100",
                            "root_block_device.0.volume_id": "vol-0575ee0a684e84b62",
                            "root_block_device.0.volume_size": "8",
                            "root_block_device.0.volume_type": "gp2",
                            "security_groups.#": "0",
                            "source_dest_check": "true",
                            "subnet_id": "subnet-40873f08",
                            "tags.%": "1",
                            "tags.Name": "dev",
                            "tenancy": "default",
                            "volume_tags.%": "0",
                            "vpc_security_group_ids.#": "1",
                            "vpc_security_group_ids.1273424099": "sg-3c952f41"
                        },
                        "meta": {
                            "e2bfb730-ecaa-11e6-8f88-34363bc7c4c0": {
                                "create": 600000000000,
                                "delete": 1200000000000,
                                "update": 600000000000
                            },
                            "schema_version": "1"
                        },
                        "tainted": false
                    },
                    "deposed": [],
                    "provider": "provider.aws"
                },
                "aws_internet_gateway.gw": {
                    "type": "aws_internet_gateway",
                    "depends_on": [
                        "aws_vpc.vpc"
                    ],
                    "primary": {
                        "id": "igw-352f5052",
                        "attributes": {
                            "id": "igw-352f5052",
                            "tags.%": "0",
                            "vpc_id": "vpc-84d1b8e2"
                        },
                        "meta": {},
                        "tainted": false
                    },
                    "deposed": [],
                    "provider": "provider.aws"
                },
                "aws_nat_gateway.natgw": {
                    "type": "aws_nat_gateway",
                    "depends_on": [
                        "aws_eip.eip",
                        "aws_subnet.public"
                    ],
                    "primary": {
                        "id": "nat-0a1fc397af6f244f3",
                        "attributes": {
                            "allocation_id": "eipalloc-35c5b808",
                            "id": "nat-0a1fc397af6f244f3",
                            "network_interface_id": "eni-568d3663",
                            "private_ip": "172.21.1.14",
                            "public_ip": "34.248.14.218",
                            "subnet_id": "subnet-40873f08",
                            "tags.%": "1",
                            "tags.Name": "dev"
                        },
                        "meta": {},
                        "tainted": false
                    },
                    "deposed": [],
                    "provider": "provider.aws"
                },
                "aws_route_table.private": {
                    "type": "aws_route_table",
                    "depends_on": [
                        "aws_nat_gateway.natgw",
                        "aws_vpc.vpc"
                    ],
                    "primary": {
                        "id": "rtb-adbc33d4",
                        "attributes": {
                            "id": "rtb-adbc33d4",
                            "propagating_vgws.#": "0",
                            "route.#": "1",
                            "route.491146740.cidr_block": "10.0.1.0/24",
                            "route.491146740.egress_only_gateway_id": "",
                            "route.491146740.gateway_id": "",
                            "route.491146740.instance_id": "",
                            "route.491146740.ipv6_cidr_block": "",
                            "route.491146740.nat_gateway_id": "nat-0a1fc397af6f244f3",
                            "route.491146740.network_interface_id": "",
                            "route.491146740.vpc_peering_connection_id": "",
                            "tags.%": "0",
                            "vpc_id": "vpc-84d1b8e2"
                        },
                        "meta": {},
                        "tainted": false
                    },
                    "deposed": [],
                    "provider": "provider.aws"
                },
                "aws_route_table.public": {
                    "type": "aws_route_table",
                    "depends_on": [
                        "aws_internet_gateway.gw",
                        "aws_vpc.vpc"
                    ],
                    "primary": {
                        "id": "rtb-c9a42bb0",
                        "attributes": {
                            "id": "rtb-c9a42bb0",
                            "propagating_vgws.#": "0",
                            "route.#": "1",
                            "route.1169788853.cidr_block": "0.0.0.0/0",
                            "route.1169788853.egress_only_gateway_id": "",
                            "route.1169788853.gateway_id": "igw-352f5052",
                            "route.1169788853.instance_id": "",
                            "route.1169788853.ipv6_cidr_block": "",
                            "route.1169788853.nat_gateway_id": "",
                            "route.1169788853.network_interface_id": "",
                            "route.1169788853.vpc_peering_connection_id": "",
                            "tags.%": "0",
                            "vpc_id": "vpc-84d1b8e2"
                        },
                        "meta": {},
                        "tainted": false
                    },
                    "deposed": [],
                    "provider": "provider.aws"
                },
                "aws_route_table_association.private": {
                    "type": "aws_route_table_association",
                    "depends_on": [
                        "aws_route_table.private",
                        "aws_subnet.private"
                    ],
                    "primary": {
                        "id": "rtbassoc-c490a7bc",
                        "attributes": {
                            "id": "rtbassoc-c490a7bc",
                            "route_table_id": "rtb-adbc33d4",
                            "subnet_id": "subnet-ec33d9b6"
                        },
                        "meta": {},
                        "tainted": false
                    },
                    "deposed": [],
                    "provider": "provider.aws"
                },
                "aws_route_table_association.public": {
                    "type": "aws_route_table_association",
                    "depends_on": [
                        "aws_route_table.public",
                        "aws_subnet.public"
                    ],
                    "primary": {
                        "id": "rtbassoc-1694a36e",
                        "attributes": {
                            "id": "rtbassoc-1694a36e",
                            "route_table_id": "rtb-c9a42bb0",
                            "subnet_id": "subnet-40873f08"
                        },
                        "meta": {},
                        "tainted": false
                    },
                    "deposed": [],
                    "provider": "provider.aws"
                },
                "aws_security_group.allow_all": {
                    "type": "aws_security_group",
                    "depends_on": [
                        "aws_vpc.vpc"
                    ],
                    "primary": {
                        "id": "sg-3c952f41",
                        "attributes": {
                            "arn": "arn:aws:ec2:eu-west-1:790449537466:security-group/sg-3c952f41",
                            "description": "Allow all inbound traffic",
                            "egress.#": "0",
                            "id": "sg-3c952f41",
                            "ingress.#": "1",
                            "ingress.482069346.cidr_blocks.#": "1",
                            "ingress.482069346.cidr_blocks.0": "0.0.0.0/0",
                            "ingress.482069346.description": "",
                            "ingress.482069346.from_port": "0",
                            "ingress.482069346.ipv6_cidr_blocks.#": "0",
                            "ingress.482069346.protocol": "-1",
                            "ingress.482069346.security_groups.#": "0",
                            "ingress.482069346.self": "false",
                            "ingress.482069346.to_port": "0",
                            "name": "allow_all",
                            "owner_id": "790449537466",
                            "revoke_rules_on_delete": "false",
                            "tags.%": "1",
                            "tags.Name": "dev",
                            "vpc_id": "vpc-84d1b8e2"
                        },
                        "meta": {
                            "e2bfb730-ecaa-11e6-8f88-34363bc7c4c0": {
                                "create": 600000000000,
                                "delete": 600000000000
                            },
                            "schema_version": "1"
                        },
                        "tainted": false
                    },
                    "deposed": [],
                    "provider": "provider.aws"
                },
                "aws_security_group.allow_public": {
                    "type": "aws_security_group",
                    "depends_on": [
                        "aws_vpc.vpc"
                    ],
                    "primary": {
                        "id": "sg-d58f35a8",
                        "attributes": {
                            "arn": "arn:aws:ec2:eu-west-1:790449537466:security-group/sg-d58f35a8",
                            "description": "Allow ssh from public subnet",
                            "egress.#": "1",
                            "egress.482069346.cidr_blocks.#": "1",
                            "egress.482069346.cidr_blocks.0": "0.0.0.0/0",
                            "egress.482069346.description": "",
                            "egress.482069346.from_port": "0",
                            "egress.482069346.ipv6_cidr_blocks.#": "0",
                            "egress.482069346.prefix_list_ids.#": "0",
                            "egress.482069346.protocol": "-1",
                            "egress.482069346.security_groups.#": "0",
                            "egress.482069346.self": "false",
                            "egress.482069346.to_port": "0",
                            "id": "sg-d58f35a8",
                            "ingress.#": "1",
                            "ingress.3474837252.cidr_blocks.#": "1",
                            "ingress.3474837252.cidr_blocks.0": "172.21.1.0/28",
                            "ingress.3474837252.description": "",
                            "ingress.3474837252.from_port": "22",
                            "ingress.3474837252.ipv6_cidr_blocks.#": "0",
                            "ingress.3474837252.protocol": "tcp",
                            "ingress.3474837252.security_groups.#": "0",
                            "ingress.3474837252.self": "false",
                            "ingress.3474837252.to_port": "22",
                            "name": "allow_public",
                            "owner_id": "790449537466",
                            "revoke_rules_on_delete": "false",
                            "tags.%": "1",
                            "tags.Name": "dev",
                            "vpc_id": "vpc-84d1b8e2"
                        },
                        "meta": {
                            "e2bfb730-ecaa-11e6-8f88-34363bc7c4c0": {
                                "create": 600000000000,
                                "delete": 600000000000
                            },
                            "schema_version": "1"
                        },
                        "tainted": false
                    },
                    "deposed": [],
                    "provider": "provider.aws"
                },
                "aws_subnet.private": {
                    "type": "aws_subnet",
                    "depends_on": [
                        "aws_vpc.vpc"
                    ],
                    "primary": {
                        "id": "subnet-ec33d9b6",
                        "attributes": {
                            "assign_ipv6_address_on_creation": "false",
                            "availability_zone": "eu-west-1b",
                            "cidr_block": "172.21.1.16/28",
                            "id": "subnet-ec33d9b6",
                            "map_public_ip_on_launch": "false",
                            "tags.%": "1",
                            "tags.Name": "dev",
                            "vpc_id": "vpc-84d1b8e2"
                        },
                        "meta": {
                            "schema_version": "1"
                        },
                        "tainted": false
                    },
                    "deposed": [],
                    "provider": "provider.aws"
                },
                "aws_subnet.public": {
                    "type": "aws_subnet",
                    "depends_on": [
                        "aws_vpc.vpc"
                    ],
                    "primary": {
                        "id": "subnet-40873f08",
                        "attributes": {
                            "assign_ipv6_address_on_creation": "false",
                            "availability_zone": "eu-west-1a",
                            "cidr_block": "172.21.1.0/28",
                            "id": "subnet-40873f08",
                            "map_public_ip_on_launch": "false",
                            "tags.%": "1",
                            "tags.Name": "dev",
                            "vpc_id": "vpc-84d1b8e2"
                        },
                        "meta": {
                            "schema_version": "1"
                        },
                        "tainted": false
                    },
                    "deposed": [],
                    "provider": "provider.aws"
                },
                "aws_vpc.vpc": {
                    "type": "aws_vpc",
                    "depends_on": [],
                    "primary": {
                        "id": "vpc-84d1b8e2",
                        "attributes": {
                            "assign_generated_ipv6_cidr_block": "false",
                            "cidr_block": "172.21.1.0/24",
                            "default_network_acl_id": "acl-2f907756",
                            "default_route_table_id": "rtb-e4a22d9d",
                            "default_security_group_id": "sg-0ecb7173",
                            "dhcp_options_id": "dopt-4f629629",
                            "enable_classiclink": "false",
                            "enable_classiclink_dns_support": "false",
                            "enable_dns_hostnames": "false",
                            "enable_dns_support": "true",
                            "id": "vpc-84d1b8e2",
                            "instance_tenancy": "default",
                            "main_route_table_id": "rtb-e4a22d9d",
                            "tags.%": "1",
                            "tags.Name": "dev"
                        },
                        "meta": {
                            "schema_version": "1"
                        },
                        "tainted": false
                    },
                    "deposed": [],
                    "provider": "provider.aws"
                }
            },
            "depends_on": []
        }
    ]
}
